// !$*UTF8*$!
{
	archiveVersion = 1;
	classes = {
	};
	objectVersion = 46;
	objects = {

/* Begin PBXBuildFile section */
		187615B11598590B00B85B80 /* UIKit.framework in Frameworks */ = {isa = PBXBuildFile; fileRef = 187615B01598590B00B85B80 /* UIKit.framework */; };
		187615B31598590B00B85B80 /* Foundation.framework in Frameworks */ = {isa = PBXBuildFile; fileRef = 187615B21598590B00B85B80 /* Foundation.framework */; };
		187615B51598590B00B85B80 /* CoreGraphics.framework in Frameworks */ = {isa = PBXBuildFile; fileRef = 187615B41598590B00B85B80 /* CoreGraphics.framework */; };
		187615BB1598590B00B85B80 /* InfoPlist.strings in Resources */ = {isa = PBXBuildFile; fileRef = 187615B91598590B00B85B80 /* InfoPlist.strings */; };
		187615BD1598590B00B85B80 /* main.m in Sources */ = {isa = PBXBuildFile; fileRef = 187615BC1598590B00B85B80 /* main.m */; };
		187615C11598590B00B85B80 /* TopAppDelegate.m in Sources */ = {isa = PBXBuildFile; fileRef = 187615C01598590B00B85B80 /* TopAppDelegate.m */; };
		187615C41598590B00B85B80 /* MainStoryboard_iPhone.storyboard in Resources */ = {isa = PBXBuildFile; fileRef = 187615C21598590B00B85B80 /* MainStoryboard_iPhone.storyboard */; };
		187615C71598590B00B85B80 /* MainStoryboard_iPad.storyboard in Resources */ = {isa = PBXBuildFile; fileRef = 187615C51598590B00B85B80 /* MainStoryboard_iPad.storyboard */; };
		187615CA1598590B00B85B80 /* TopViewController.m in Sources */ = {isa = PBXBuildFile; fileRef = 187615C91598590B00B85B80 /* TopViewController.m */; };
/* End PBXBuildFile section */

/* Begin PBXFileReference section */
		187615AC1598590B00B85B80 /* IntergationTest.app */ = {isa = PBXFileReference; explicitFileType = wrapper.application; includeInIndex = 0; path = IntergationTest.app; sourceTree = BUILT_PRODUCTS_DIR; };
		187615B01598590B00B85B80 /* UIKit.framework */ = {isa = PBXFileReference; lastKnownFileType = wrapper.framework; name = UIKit.framework; path = System/Library/Frameworks/UIKit.framework; sourceTree = SDKROOT; };
		187615B21598590B00B85B80 /* Foundation.framework */ = {isa = PBXFileReference; lastKnownFileType = wrapper.framework; name = Foundation.framework; path = System/Library/Frameworks/Foundation.framework; sourceTree = SDKROOT; };
		187615B41598590B00B85B80 /* CoreGraphics.framework */ = {isa = PBXFileReference; lastKnownFileType = wrapper.framework; name = CoreGraphics.framework; path = System/Library/Frameworks/CoreGraphics.framework; sourceTree = SDKROOT; };
		187615B81598590B00B85B80 /* IntergationTest-Info.plist */ = {isa = PBXFileReference; path = "IntergationTest-Info.plist"; sourceTree = "<group>"; };
		187615BA1598590B00B85B80 /* en */ = {isa = PBXFileReference; lastKnownFileType = text.plist.strings; name = en; path = en.lproj/InfoPlist.strings; sourceTree = "<group>"; };
		187615BC1598590B00B85B80 /* main.m */ = {isa = PBXFileReference; lastKnownFileType = sourcecode.c.objc; path = main.m; sourceTree = "<group>"; };
		187615BE1598590B00B85B80 /* IntergationTest-Prefix.pch */ = {isa = PBXFileReference; path = "IntergationTest-Prefix.pch"; sourceTree = "<group>"; };
		187615BF1598590B00B85B80 /* TopAppDelegate.h */ = {isa = PBXFileReference; path = TopAppDelegate.h; sourceTree = "<group>"; };
		187615C01598590B00B85B80 /* TopAppDelegate.m */ = {isa = PBXFileReference; lastKnownFileType = sourcecode.c.objc; path = TopAppDelegate.m; sourceTree = "<group>"; };
		187615C31598590B00B85B80 /* en */ = {isa = PBXFileReference; lastKnownFileType = file.storyboard; name = en; path = en.lproj/MainStoryboard_iPhone.storyboard; sourceTree = "<group>"; };
		187615C61598590B00B85B80 /* en */ = {isa = PBXFileReference; lastKnownFileType = file.storyboard; name = en; path = en.lproj/MainStoryboard_iPad.storyboard; sourceTree = "<group>"; };
		187615C81598590B00B85B80 /* TopViewController.h */ = {isa = PBXFileReference; path = TopViewController.h; sourceTree = "<group>"; };
		187615C91598590B00B85B80 /* TopViewController.m */ = {isa = PBXFileReference; lastKnownFileType = sourcecode.c.objc; path = TopViewController.m; sourceTree = "<group>"; };
/* End PBXFileReference section */

/* Begin PBXFrameworksBuildPhase section */
		187615A91598590B00B85B80 /* Frameworks */ = {
			isa = PBXFrameworksBuildPhase;
			buildActionMask = 2147483647;
			files = (
				187615B11598590B00B85B80 /* UIKit.framework in Frameworks */,
				187615B31598590B00B85B80 /* Foundation.framework in Frameworks */,
				187615B51598590B00B85B80 /* CoreGraphics.framework in Frameworks */,
			);
			runOnlyForDeploymentPostprocessing = 0;
		};
/* End PBXFrameworksBuildPhase section */

/* Begin PBXGroup section */
		187615A11598590B00B85B80 = {
			isa = PBXGroup;
			children = (
				187615B61598590B00B85B80 /* IntergationTest */,
				187615AF1598590B00B85B80 /* Frameworks */,
				187615AD1598590B00B85B80 /* Products */,
			);
			sourceTree = "<group>";
		};
		187615AD1598590B00B85B80 /* Products */ = {
			isa = PBXGroup;
			children = (
				187615AC1598590B00B85B80 /* IntergationTest.app */,
			);
			name = Products;
			sourceTree = "<group>";
		};
		187615AF1598590B00B85B80 /* Frameworks */ = {
			isa = PBXGroup;
			children = (
				187615B01598590B00B85B80 /* UIKit.framework */,
				187615B21598590B00B85B80 /* Foundation.framework */,
				187615B41598590B00B85B80 /* CoreGraphics.framework */,
			);
			name = Frameworks;
			sourceTree = "<group>";
		};
		187615B61598590B00B85B80 /* IntergationTest */ = {
			isa = PBXGroup;
			children = (
				187615BF1598590B00B85B80 /* TopAppDelegate.h */,
				187615C01598590B00B85B80 /* TopAppDelegate.m */,
				187615C21598590B00B85B80 /* MainStoryboard_iPhone.storyboard */,
				187615C51598590B00B85B80 /* MainStoryboard_iPad.storyboard */,
				187615C81598590B00B85B80 /* TopViewController.h */,
				187615C91598590B00B85B80 /* TopViewController.m */,
				187615B71598590B00B85B80 /* Supporting Files */,
			);
			path = IntergationTest;
			sourceTree = "<group>";
		};
		187615B71598590B00B85B80 /* Supporting Files */ = {
			isa = PBXGroup;
			children = (
				187615B81598590B00B85B80 /* IntergationTest-Info.plist */,
				187615B91598590B00B85B80 /* InfoPlist.strings */,
				187615BC1598590B00B85B80 /* main.m */,
				187615BE1598590B00B85B80 /* IntergationTest-Prefix.pch */,
			);
			name = "Supporting Files";
			sourceTree = "<group>";
		};
/* End PBXGroup section */

/* Begin PBXNativeTarget section */
		187615AB1598590B00B85B80 /* IntergationTest */ = {
			isa = PBXNativeTarget;
			buildConfigurationList = 187615CD1598590B00B85B80 /* Build configuration list for PBXNativeTarget "IntergationTest" */;
			buildPhases = (
				187615A81598590B00B85B80 /* Sources */,
				187615A91598590B00B85B80 /* Frameworks */,
				187615AA1598590B00B85B80 /* Resources */,
			);
			buildRules = (
			);
			dependencies = (
			);
			name = IntergationTest;
			productName = IntergationTest;
			productReference = 187615AC1598590B00B85B80 /* IntergationTest.app */;
			productType = "com.apple.product-type.application";
		};
/* End PBXNativeTarget section */

/* Begin PBXProject section */
		187615A31598590B00B85B80 /* Project object */ = {
			isa = PBXProject;
			attributes = {
				CLASSPREFIX = Top;
				LastUpgradeCheck = 0430;
			};
			buildConfigurationList = 187615A61598590B00B85B80 /* Build configuration list for PBXProject "IntergationTest" */;
			compatibilityVersion = "Xcode 3.2";
			developmentRegion = English;
			hasScannedForEncodings = 0;
			knownRegions = (
				en,
			);
			mainGroup = 187615A11598590B00B85B80;
			productRefGroup = 187615AD1598590B00B85B80 /* Products */;
			projectDirPath = "";
			projectRoot = "";
			targets = (
				187615AB1598590B00B85B80 /* IntergationTest */,
			);
		};
/* End PBXProject section */

/* Begin PBXResourcesBuildPhase section */
		187615AA1598590B00B85B80 /* Resources */ = {
			isa = PBXResourcesBuildPhase;
			buildActionMask = 2147483647;
			files = (
				187615BB1598590B00B85B80 /* InfoPlist.strings in Resources */,
				187615C41598590B00B85B80 /* MainStoryboard_iPhone.storyboard in Resources */,
				187615C71598590B00B85B80 /* MainStoryboard_iPad.storyboard in Resources */,
			);
			runOnlyForDeploymentPostprocessing = 0;
		};
/* End PBXResourcesBuildPhase section */

/* Begin PBXSourcesBuildPhase section */
		187615A81598590B00B85B80 /* Sources */ = {
			isa = PBXSourcesBuildPhase;
			buildActionMask = 2147483647;
			files = (
				187615BD1598590B00B85B80 /* main.m in Sources */,
				187615C11598590B00B85B80 /* TopAppDelegate.m in Sources */,
				187615CA1598590B00B85B80 /* TopViewController.m in Sources */,
			);
			runOnlyForDeploymentPostprocessing = 0;
		};
/* End PBXSourcesBuildPhase section */

/* Begin PBXVariantGroup section */
		187615B91598590B00B85B80 /* InfoPlist.strings */ = {
			isa = PBXVariantGroup;
			children = (
				187615BA1598590B00B85B80 /* en */,
			);
			name = InfoPlist.strings;
			sourceTree = "<group>";
		};
		187615C21598590B00B85B80 /* MainStoryboard_iPhone.storyboard */ = {
			isa = PBXVariantGroup;
			children = (
				187615C31598590B00B85B80 /* en */,
			);
			name = MainStoryboard_iPhone.storyboard;
			sourceTree = "<group>";
		};
		187615C51598590B00B85B80 /* MainStoryboard_iPad.storyboard */ = {
			isa = PBXVariantGroup;
			children = (
				187615C61598590B00B85B80 /* en */,
			);
			name = MainStoryboard_iPad.storyboard;
			sourceTree = "<group>";
		};
/* End PBXVariantGroup section */

/* Begin XCBuildConfiguration section */
		187615CB1598590B00B85B80 /* Debug */ = {
			isa = XCBuildConfiguration;
			buildSettings = {
				ALWAYS_SEARCH_USER_PATHS = NO;
				ARCHS = "$(ARCHS_STANDARD_32_BIT)";
				CLANG_ENABLE_OBJC_ARC = YES;
				"CODE_SIGN_IDENTITY[sdk=iphoneos*]" = "iPhone Developer";
				COPY_PHASE_STRIP = NO;
				GCC_C_LANGUAGE_STANDARD = gnu99;
				GCC_DYNAMIC_NO_PIC = NO;
				GCC_OPTIMIZATION_LEVEL = 0;
				GCC_PREPROCESSOR_DEFINITIONS = (
					"DEBUG=1",
					"$(inherited)",
				);
				GCC_SYMBOLS_PRIVATE_EXTERN = NO;
				GCC_VERSION = com.apple.compilers.llvm.clang.1_0;
				GCC_WARN_ABOUT_RETURN_TYPE = YES;
				GCC_WARN_UNINITIALIZED_AUTOS = YES;
				GCC_WARN_UNUSED_VARIABLE = YES;
				IPHONEOS_DEPLOYMENT_TARGET = 5.1;
				SDKROOT = iphoneos;
				TARGETED_DEVICE_FAMILY = "1,2";
			};
			name = Debug;
		};
		187615CC1598590B00B85B80 /* Release */ = {
			isa = XCBuildConfiguration;
			buildSettings = {
				ALWAYS_SEARCH_USER_PATHS = NO;
				ARCHS = "$(ARCHS_STANDARD_32_BIT)";
				CLANG_ENABLE_OBJC_ARC = YES;
				"CODE_SIGN_IDENTITY[sdk=iphoneos*]" = "iPhone Developer";
				COPY_PHASE_STRIP = YES;
				GCC_C_LANGUAGE_STANDARD = gnu99;
				GCC_VERSION = com.apple.compilers.llvm.clang.1_0;
				GCC_WARN_ABOUT_RETURN_TYPE = YES;
				GCC_WARN_UNINITIALIZED_AUTOS = YES;
				GCC_WARN_UNUSED_VARIABLE = YES;
				IPHONEOS_DEPLOYMENT_TARGET = 5.1;
				OTHER_CFLAGS = "-DNS_BLOCK_ASSERTIONS=1";
				SDKROOT = iphoneos;
				TARGETED_DEVICE_FAMILY = "1,2";
				VALIDATE_PRODUCT = YES;
			};
			name = Release;
		};
		187615CE1598590B00B85B80 /* Debug */ = {
			isa = XCBuildConfiguration;
			buildSettings = {
				GCC_PRECOMPILE_PREFIX_HEADER = YES;
				GCC_PREFIX_HEADER = "IntergationTest/IntergationTest-Prefix.pch";
				INFOPLIST_FILE = "IntergationTest/IntergationTest-Info.plist";
				PRODUCT_NAME = "$(TARGET_NAME)";
				WRAPPER_EXTENSION = app;
			};
			name = Debug;
		};
		187615CF1598590B00B85B80 /* Release */ = {
			isa = XCBuildConfiguration;
			buildSettings = {
				GCC_PRECOMPILE_PREFIX_HEADER = YES;
				GCC_PREFIX_HEADER = "IntergationTest/IntergationTest-Prefix.pch";
				INFOPLIST_FILE = "IntergationTest/IntergationTest-Info.plist";
				PRODUCT_NAME = "$(TARGET_NAME)";
				WRAPPER_EXTENSION = app;
			};
			name = Release;
		};
/* End XCBuildConfiguration section */

/* Begin XCConfigurationList section */
		187615A61598590B00B85B80 /* Build configuration list for PBXProject "IntergationTest" */ = {
			isa = XCConfigurationList;
			buildConfigurations = (
				187615CB1598590B00B85B80 /* Debug */,
				187615CC1598590B00B85B80 /* Release */,
			);
			defaultConfigurationIsVisible = 0;
			defaultConfigurationName = Release;
		};
		187615CD1598590B00B85B80 /* Build configuration list for PBXNativeTarget "IntergationTest" */ = {
			isa = XCConfigurationList;
			buildConfigurations = (
				187615CE1598590B00B85B80 /* Debug */,
				187615CF1598590B00B85B80 /* Release */,
			);
			defaultConfigurationIsVisible = 0;
		};
/* End XCConfigurationList section */
	};
	rootObject = 187615A31598590B00B85B80 /* Project object */;
}
