// !$*UTF8*$!
{
	archiveVersion = 1;
	classes = {
	};
	objectVersion = 46;
	objects = {

/* Begin PBXBuildFile section */
		1865E87D15916AB5001B8CA9 /* TopAuth.h in Headers */ = {isa = PBXBuildFile; fileRef = 1865E87B15916AB5001B8CA9 /* TopAuth.h */; };
		1865E87E15916AB5001B8CA9 /* TopAuth.m in Sources */ = {isa = PBXBuildFile; fileRef = 1865E87C15916AB5001B8CA9 /* TopAuth.m */; };
		18A0959E15907FA3007A9C68 /* Foundation.framework in Frameworks */ = {isa = PBXBuildFile; fileRef = 18A0959D15907FA3007A9C68 /* Foundation.framework */; };
		18A095C115908D26007A9C68 /* UIKit.framework in Frameworks */ = {isa = PBXBuildFile; fileRef = 18A095C015908D26007A9C68 /* UIKit.framework */; };
		18A095C915908FC9007A9C68 /* TopIOSClient.h in Headers */ = {isa = PBXBuildFile; fileRef = 18A095C215908FC9007A9C68 /* TopIOSClient.h */; };
		18A095CA15908FC9007A9C68 /* TopIOSClient.m in Sources */ = {isa = PBXBuildFile; fileRef = 18A095C315908FC9007A9C68 /* TopIOSClient.m */; };
		18A095CB15908FC9007A9C68 /* TopIOSSdk.h in Headers */ = {isa = PBXBuildFile; fileRef = 18A095C415908FC9007A9C68 /* TopIOSSdk.h */; };
		18A095CC15908FC9007A9C68 /* GTMBase64.h in Headers */ = {isa = PBXBuildFile; fileRef = 18A095C615908FC9007A9C68 /* GTMBase64.h */; };
		18A095CD15908FC9007A9C68 /* GTMBase64.m in Sources */ = {isa = PBXBuildFile; fileRef = 18A095C715908FC9007A9C68 /* GTMBase64.m */; };
		18A095CE15908FC9007A9C68 /* GTMDefines.h in Headers */ = {isa = PBXBuildFile; fileRef = 18A095C815908FC9007A9C68 /* GTMDefines.h */; };
		18A095D115908FD6007A9C68 /* TopIOSUtil.m in Sources */ = {isa = PBXBuildFile; fileRef = 18A095CF15908FD6007A9C68 /* TopIOSUtil.m */; };
		18A095D215908FD6007A9C68 /* TopIOSUtil.h in Headers */ = {isa = PBXBuildFile; fileRef = 18A095D015908FD6007A9C68 /* TopIOSUtil.h */; };
/* End PBXBuildFile section */

/* Begin PBXFileReference section */
		1865E87B15916AB5001B8CA9 /* TopAuth.h */ = {isa = PBXFileReference; fileEncoding = 4; lastKnownFileType = sourcecode.c.h; path = TopAuth.h; sourceTree = "<group>"; };
		1865E87C15916AB5001B8CA9 /* TopAuth.m */ = {isa = PBXFileReference; fileEncoding = 4; lastKnownFileType = sourcecode.c.objc; path = TopAuth.m; sourceTree = "<group>"; };
		18A0959A15907FA3007A9C68 /* libTopIOSSdk.a */ = {isa = PBXFileReference; explicitFileType = archive.ar; includeInIndex = 0; path = libTopIOSSdk.a; sourceTree = BUILT_PRODUCTS_DIR; };
		18A0959D15907FA3007A9C68 /* Foundation.framework */ = {isa = PBXFileReference; lastKnownFileType = wrapper.framework; name = Foundation.framework; path = System/Library/Frameworks/Foundation.framework; sourceTree = SDKROOT; };
		18A095A115907FA3007A9C68 /* TopIOSSdk-Prefix.pch */ = {isa = PBXFileReference; lastKnownFileType = sourcecode.c.h; path = "TopIOSSdk-Prefix.pch"; sourceTree = "<group>"; };
		18A095C015908D26007A9C68 /* UIKit.framework */ = {isa = PBXFileReference; lastKnownFileType = wrapper.framework; name = UIKit.framework; path = System/Library/Frameworks/UIKit.framework; sourceTree = SDKROOT; };
		18A095C215908FC9007A9C68 /* TopIOSClient.h */ = {isa = PBXFileReference; fileEncoding = 4; lastKnownFileType = sourcecode.c.h; path = TopIOSClient.h; sourceTree = "<group>"; };
		18A095C315908FC9007A9C68 /* TopIOSClient.m */ = {isa = PBXFileReference; fileEncoding = 4; lastKnownFileType = sourcecode.c.objc; path = TopIOSClient.m; sourceTree = "<group>"; };
		18A095C415908FC9007A9C68 /* TopIOSSdk.h */ = {isa = PBXFileReference; fileEncoding = 4; lastKnownFileType = sourcecode.c.h; path = TopIOSSdk.h; sourceTree = "<group>"; };
		18A095C615908FC9007A9C68 /* GTMBase64.h */ = {isa = PBXFileReference; fileEncoding = 4; lastKnownFileType = sourcecode.c.h; path = GTMBase64.h; sourceTree = "<group>"; };
		18A095C715908FC9007A9C68 /* GTMBase64.m */ = {isa = PBXFileReference; fileEncoding = 4; lastKnownFileType = sourcecode.c.objc; path = GTMBase64.m; sourceTree = "<group>"; };
		18A095C815908FC9007A9C68 /* GTMDefines.h */ = {isa = PBXFileReference; fileEncoding = 4; lastKnownFileType = sourcecode.c.h; path = GTMDefines.h; sourceTree = "<group>"; };
		18A095CF15908FD6007A9C68 /* TopIOSUtil.m */ = {isa = PBXFileReference; fileEncoding = 4; lastKnownFileType = sourcecode.c.objc; path = TopIOSUtil.m; sourceTree = "<group>"; };
		18A095D015908FD6007A9C68 /* TopIOSUtil.h */ = {isa = PBXFileReference; fileEncoding = 4; lastKnownFileType = sourcecode.c.h; path = TopIOSUtil.h; sourceTree = "<group>"; };
/* End PBXFileReference section */

/* Begin PBXFrameworksBuildPhase section */
		18A0959715907FA3007A9C68 /* Frameworks */ = {
			isa = PBXFrameworksBuildPhase;
			buildActionMask = 2147483647;
			files = (
				18A095C115908D26007A9C68 /* UIKit.framework in Frameworks */,
				18A0959E15907FA3007A9C68 /* Foundation.framework in Frameworks */,
			);
			runOnlyForDeploymentPostprocessing = 0;
		};
/* End PBXFrameworksBuildPhase section */

/* Begin PBXGroup section */
		18A0958F15907FA3007A9C68 = {
			isa = PBXGroup;
			children = (
				18A0959F15907FA3007A9C68 /* TopIOSSdk */,
				18A0959C15907FA3007A9C68 /* Frameworks */,
				18A0959B15907FA3007A9C68 /* Products */,
			);
			sourceTree = "<group>";
		};
		18A0959B15907FA3007A9C68 /* Products */ = {
			isa = PBXGroup;
			children = (
				18A0959A15907FA3007A9C68 /* libTopIOSSdk.a */,
			);
			name = Products;
			sourceTree = "<group>";
		};
		18A0959C15907FA3007A9C68 /* Frameworks */ = {
			isa = PBXGroup;
			children = (
				18A095C015908D26007A9C68 /* UIKit.framework */,
				18A0959D15907FA3007A9C68 /* Foundation.framework */,
			);
			name = Frameworks;
			sourceTree = "<group>";
		};
		18A0959F15907FA3007A9C68 /* TopIOSSdk */ = {
			isa = PBXGroup;
			children = (
				1865E87B15916AB5001B8CA9 /* TopAuth.h */,
				1865E87C15916AB5001B8CA9 /* TopAuth.m */,
				18A095CF15908FD6007A9C68 /* TopIOSUtil.m */,
				18A095D015908FD6007A9C68 /* TopIOSUtil.h */,
				18A095C215908FC9007A9C68 /* TopIOSClient.h */,
				18A095C315908FC9007A9C68 /* TopIOSClient.m */,
				18A095C415908FC9007A9C68 /* TopIOSSdk.h */,
				18A095C515908FC9007A9C68 /* encoding */,
				18A095A015907FA3007A9C68 /* Supporting Files */,
			);
			path = TopIOSSdk;
			sourceTree = "<group>";
		};
		18A095A015907FA3007A9C68 /* Supporting Files */ = {
			isa = PBXGroup;
			children = (
				18A095A115907FA3007A9C68 /* TopIOSSdk-Prefix.pch */,
			);
			name = "Supporting Files";
			sourceTree = "<group>";
		};
		18A095C515908FC9007A9C68 /* encoding */ = {
			isa = PBXGroup;
			children = (
				18A095C615908FC9007A9C68 /* GTMBase64.h */,
				18A095C715908FC9007A9C68 /* GTMBase64.m */,
				18A095C815908FC9007A9C68 /* GTMDefines.h */,
			);
			path = encoding;
			sourceTree = "<group>";
		};
/* End PBXGroup section */

/* Begin PBXHeadersBuildPhase section */
		18A0959815907FA3007A9C68 /* Headers */ = {
			isa = PBXHeadersBuildPhase;
			buildActionMask = 2147483647;
			files = (
				18A095C915908FC9007A9C68 /* TopIOSClient.h in Headers */,
				18A095CB15908FC9007A9C68 /* TopIOSSdk.h in Headers */,
				18A095CC15908FC9007A9C68 /* GTMBase64.h in Headers */,
				18A095CE15908FC9007A9C68 /* GTMDefines.h in Headers */,
				18A095D215908FD6007A9C68 /* TopIOSUtil.h in Headers */,
				1865E87D15916AB5001B8CA9 /* TopAuth.h in Headers */,
			);
			runOnlyForDeploymentPostprocessing = 0;
		};
/* End PBXHeadersBuildPhase section */

/* Begin PBXNativeTarget section */
		18A0959915907FA3007A9C68 /* TopIOSSdk */ = {
			isa = PBXNativeTarget;
			buildConfigurationList = 18A095A715907FA3007A9C68 /* Build configuration list for PBXNativeTarget "TopIOSSdk" */;
			buildPhases = (
				18A0959615907FA3007A9C68 /* Sources */,
				18A0959715907FA3007A9C68 /* Frameworks */,
				18A0959815907FA3007A9C68 /* Headers */,
			);
			buildRules = (
			);
			dependencies = (
			);
			name = TopIOSSdk;
			productName = TopIOSSdk;
			productReference = 18A0959A15907FA3007A9C68 /* libTopIOSSdk.a */;
			productType = "com.apple.product-type.library.static";
		};
/* End PBXNativeTarget section */

/* Begin PBXProject section */
		18A0959115907FA3007A9C68 /* Project object */ = {
			isa = PBXProject;
			attributes = {
				LastUpgradeCheck = 0430;
			};
			buildConfigurationList = 18A0959415907FA3007A9C68 /* Build configuration list for PBXProject "TopIOSSdk" */;
			compatibilityVersion = "Xcode 3.2";
			developmentRegion = English;
			hasScannedForEncodings = 0;
			knownRegions = (
				en,
			);
			mainGroup = 18A0958F15907FA3007A9C68;
			productRefGroup = 18A0959B15907FA3007A9C68 /* Products */;
			projectDirPath = "";
			projectRoot = "";
			targets = (
				18A0959915907FA3007A9C68 /* TopIOSSdk */,
			);
		};
/* End PBXProject section */

/* Begin PBXSourcesBuildPhase section */
		18A0959615907FA3007A9C68 /* Sources */ = {
			isa = PBXSourcesBuildPhase;
			buildActionMask = 2147483647;
			files = (
				18A095CA15908FC9007A9C68 /* TopIOSClient.m in Sources */,
				18A095CD15908FC9007A9C68 /* GTMBase64.m in Sources */,
				18A095D115908FD6007A9C68 /* TopIOSUtil.m in Sources */,
				1865E87E15916AB5001B8CA9 /* TopAuth.m in Sources */,
			);
			runOnlyForDeploymentPostprocessing = 0;
		};
/* End PBXSourcesBuildPhase section */

/* Begin XCBuildConfiguration section */
		18A095A515907FA3007A9C68 /* Debug */ = {
			isa = XCBuildConfiguration;
			buildSettings = {
				ALWAYS_SEARCH_USER_PATHS = NO;
				ARCHS = "$(ARCHS_STANDARD_32_BIT)";
				CLANG_ENABLE_OBJC_ARC = YES;
				COPY_PHASE_STRIP = NO;
				GCC_C_LANGUAGE_STANDARD = gnu99;
				GCC_DYNAMIC_NO_PIC = NO;
				GCC_OPTIMIZATION_LEVEL = 0;
				GCC_PREPROCESSOR_DEFINITIONS = (
					"DEBUG=1",
					"$(inherited)",
				);
				GCC_SYMBOLS_PRIVATE_EXTERN = NO;
				GCC_VERSION = com.apple.compilers.llvm.clang.1_0;
				GCC_WARN_ABOUT_RETURN_TYPE = YES;
				GCC_WARN_UNINITIALIZED_AUTOS = YES;
				GCC_WARN_UNUSED_VARIABLE = YES;
				IPHONEOS_DEPLOYMENT_TARGET = 5.1;
				ONLY_ACTIVE_ARCH = NO;
				SDKROOT = iphoneos;
			};
			name = Debug;
		};
		18A095A615907FA3007A9C68 /* Release */ = {
			isa = XCBuildConfiguration;
			buildSettings = {
				ALWAYS_SEARCH_USER_PATHS = NO;
				ARCHS = "$(ARCHS_STANDARD_32_BIT)";
				CLANG_ENABLE_OBJC_ARC = YES;
				COPY_PHASE_STRIP = YES;
				GCC_C_LANGUAGE_STANDARD = gnu99;
				GCC_VERSION = com.apple.compilers.llvm.clang.1_0;
				GCC_WARN_ABOUT_RETURN_TYPE = YES;
				GCC_WARN_UNINITIALIZED_AUTOS = YES;
				GCC_WARN_UNUSED_VARIABLE = YES;
				IPHONEOS_DEPLOYMENT_TARGET = 5.1;
				ONLY_ACTIVE_ARCH = NO;
				SDKROOT = iphoneos;
				VALIDATE_PRODUCT = YES;
			};
			name = Release;
		};
		18A095A815907FA3007A9C68 /* Debug */ = {
			isa = XCBuildConfiguration;
			buildSettings = {
				DSTROOT = /tmp/TopIOSSdk.dst;
				GCC_PRECOMPILE_PREFIX_HEADER = YES;
				GCC_PREFIX_HEADER = "TopIOSSdk/TopIOSSdk-Prefix.pch";
				ONLY_ACTIVE_ARCH = NO;
				OTHER_LDFLAGS = "-ObjC";
				PRODUCT_NAME = "$(TARGET_NAME)";
				SKIP_INSTALL = YES;
			};
			name = Debug;
		};
		18A095A915907FA3007A9C68 /* Release */ = {
			isa = XCBuildConfiguration;
			buildSettings = {
				DSTROOT = /tmp/TopIOSSdk.dst;
				GCC_PRECOMPILE_PREFIX_HEADER = YES;
				GCC_PREFIX_HEADER = "TopIOSSdk/TopIOSSdk-Prefix.pch";
				ONLY_ACTIVE_ARCH = NO;
				OTHER_LDFLAGS = "-ObjC";
				PRODUCT_NAME = "$(TARGET_NAME)";
				SKIP_INSTALL = YES;
			};
			name = Release;
		};
/* End XCBuildConfiguration section */

/* Begin XCConfigurationList section */
		18A0959415907FA3007A9C68 /* Build configuration list for PBXProject "TopIOSSdk" */ = {
			isa = XCConfigurationList;
			buildConfigurations = (
				18A095A515907FA3007A9C68 /* Debug */,
				18A095A615907FA3007A9C68 /* Release */,
			);
			defaultConfigurationIsVisible = 0;
			defaultConfigurationName = Release;
		};
		18A095A715907FA3007A9C68 /* Build configuration list for PBXNativeTarget "TopIOSSdk" */ = {
			isa = XCConfigurationList;
			buildConfigurations = (
				18A095A815907FA3007A9C68 /* Debug */,
				18A095A915907FA3007A9C68 /* Release */,
			);
			defaultConfigurationIsVisible = 0;
			defaultConfigurationName = Release;
		};
/* End XCConfigurationList section */
	};
	rootObject = 18A0959115907FA3007A9C68 /* Project object */;
}
