// !$*UTF8*$!
{
	archiveVersion = 1;
	classes = {
	};
	objectVersion = 46;
	objects = {

/* Begin PBXBuildFile section */
		1853E30415885F6E00282D6C /* UIKit.framework in Frameworks */ = {isa = PBXBuildFile; fileRef = 1853E30315885F6E00282D6C /* UIKit.framework */; };
		1853E30615885F6E00282D6C /* Foundation.framework in Frameworks */ = {isa = PBXBuildFile; fileRef = 1853E30515885F6E00282D6C /* Foundation.framework */; };
		1853E30815885F6E00282D6C /* CoreGraphics.framework in Frameworks */ = {isa = PBXBuildFile; fileRef = 1853E30715885F6E00282D6C /* CoreGraphics.framework */; };
		1853E30E15885F6E00282D6C /* InfoPlist.strings in Resources */ = {isa = PBXBuildFile; fileRef = 1853E30C15885F6E00282D6C /* InfoPlist.strings */; };
		1853E31015885F6E00282D6C /* main.m in Sources */ = {isa = PBXBuildFile; fileRef = 1853E30F15885F6E00282D6C /* main.m */; };
		1853E31415885F6E00282D6C /* TopAppDelegate.m in Sources */ = {isa = PBXBuildFile; fileRef = 1853E31315885F6E00282D6C /* TopAppDelegate.m */; };
		1853E31715885F6E00282D6C /* MainStoryboard_iPhone.storyboard in Resources */ = {isa = PBXBuildFile; fileRef = 1853E31515885F6E00282D6C /* MainStoryboard_iPhone.storyboard */; };
		1853E31A15885F6E00282D6C /* MainStoryboard_iPad.storyboard in Resources */ = {isa = PBXBuildFile; fileRef = 1853E31815885F6E00282D6C /* MainStoryboard_iPad.storyboard */; };
		1853E31D15885F6E00282D6C /* TopViewController.m in Sources */ = {isa = PBXBuildFile; fileRef = 1853E31C15885F6E00282D6C /* TopViewController.m */; };
/* End PBXBuildFile section */

/* Begin PBXFileReference section */
		1853E2FF15885F6E00282D6C /* Test.app */ = {isa = PBXFileReference; explicitFileType = wrapper.application; includeInIndex = 0; path = Test.app; sourceTree = BUILT_PRODUCTS_DIR; };
		1853E30315885F6E00282D6C /* UIKit.framework */ = {isa = PBXFileReference; lastKnownFileType = wrapper.framework; name = UIKit.framework; path = System/Library/Frameworks/UIKit.framework; sourceTree = SDKROOT; };
		1853E30515885F6E00282D6C /* Foundation.framework */ = {isa = PBXFileReference; lastKnownFileType = wrapper.framework; name = Foundation.framework; path = System/Library/Frameworks/Foundation.framework; sourceTree = SDKROOT; };
		1853E30715885F6E00282D6C /* CoreGraphics.framework */ = {isa = PBXFileReference; lastKnownFileType = wrapper.framework; name = CoreGraphics.framework; path = System/Library/Frameworks/CoreGraphics.framework; sourceTree = SDKROOT; };
		1853E30B15885F6E00282D6C /* Test-Info.plist */ = {isa = PBXFileReference; lastKnownFileType = text.plist.xml; path = "Test-Info.plist"; sourceTree = "<group>"; };
		1853E30D15885F6E00282D6C /* en */ = {isa = PBXFileReference; lastKnownFileType = text.plist.strings; name = en; path = en.lproj/InfoPlist.strings; sourceTree = "<group>"; };
		1853E30F15885F6E00282D6C /* main.m */ = {isa = PBXFileReference; lastKnownFileType = sourcecode.c.objc; path = main.m; sourceTree = "<group>"; };
		1853E31115885F6E00282D6C /* Test-Prefix.pch */ = {isa = PBXFileReference; lastKnownFileType = sourcecode.c.h; path = "Test-Prefix.pch"; sourceTree = "<group>"; };
		1853E31215885F6E00282D6C /* TopAppDelegate.h */ = {isa = PBXFileReference; lastKnownFileType = sourcecode.c.h; path = TopAppDelegate.h; sourceTree = "<group>"; };
		1853E31315885F6E00282D6C /* TopAppDelegate.m */ = {isa = PBXFileReference; lastKnownFileType = sourcecode.c.objc; path = TopAppDelegate.m; sourceTree = "<group>"; };
		1853E31615885F6E00282D6C /* en */ = {isa = PBXFileReference; lastKnownFileType = file.storyboard; name = en; path = en.lproj/MainStoryboard_iPhone.storyboard; sourceTree = "<group>"; };
		1853E31915885F6E00282D6C /* en */ = {isa = PBXFileReference; lastKnownFileType = file.storyboard; name = en; path = en.lproj/MainStoryboard_iPad.storyboard; sourceTree = "<group>"; };
		1853E31B15885F6E00282D6C /* TopViewController.h */ = {isa = PBXFileReference; lastKnownFileType = sourcecode.c.h; path = TopViewController.h; sourceTree = "<group>"; };
		1853E31C15885F6E00282D6C /* TopViewController.m */ = {isa = PBXFileReference; lastKnownFileType = sourcecode.c.objc; path = TopViewController.m; sourceTree = "<group>"; };
/* End PBXFileReference section */

/* Begin PBXFrameworksBuildPhase section */
		1853E2FC15885F6E00282D6C /* Frameworks */ = {
			isa = PBXFrameworksBuildPhase;
			buildActionMask = 2147483647;
			files = (
				1853E30415885F6E00282D6C /* UIKit.framework in Frameworks */,
				1853E30615885F6E00282D6C /* Foundation.framework in Frameworks */,
				1853E30815885F6E00282D6C /* CoreGraphics.framework in Frameworks */,
			);
			runOnlyForDeploymentPostprocessing = 0;
		};
/* End PBXFrameworksBuildPhase section */

/* Begin PBXGroup section */
		1853E2F415885F6E00282D6C = {
			isa = PBXGroup;
			children = (
				1853E30915885F6E00282D6C /* Test */,
				1853E30215885F6E00282D6C /* Frameworks */,
				1853E30015885F6E00282D6C /* Products */,
			);
			sourceTree = "<group>";
		};
		1853E30015885F6E00282D6C /* Products */ = {
			isa = PBXGroup;
			children = (
				1853E2FF15885F6E00282D6C /* Test.app */,
			);
			name = Products;
			sourceTree = "<group>";
		};
		1853E30215885F6E00282D6C /* Frameworks */ = {
			isa = PBXGroup;
			children = (
				1853E30315885F6E00282D6C /* UIKit.framework */,
				1853E30515885F6E00282D6C /* Foundation.framework */,
				1853E30715885F6E00282D6C /* CoreGraphics.framework */,
			);
			name = Frameworks;
			sourceTree = "<group>";
		};
		1853E30915885F6E00282D6C /* Test */ = {
			isa = PBXGroup;
			children = (
				1853E31215885F6E00282D6C /* TopAppDelegate.h */,
				1853E31315885F6E00282D6C /* TopAppDelegate.m */,
				1853E31515885F6E00282D6C /* MainStoryboard_iPhone.storyboard */,
				1853E31815885F6E00282D6C /* MainStoryboard_iPad.storyboard */,
				1853E31B15885F6E00282D6C /* TopViewController.h */,
				1853E31C15885F6E00282D6C /* TopViewController.m */,
				1853E30A15885F6E00282D6C /* Supporting Files */,
			);
			path = Test;
			sourceTree = "<group>";
		};
		1853E30A15885F6E00282D6C /* Supporting Files */ = {
			isa = PBXGroup;
			children = (
				1853E30B15885F6E00282D6C /* Test-Info.plist */,
				1853E30C15885F6E00282D6C /* InfoPlist.strings */,
				1853E30F15885F6E00282D6C /* main.m */,
				1853E31115885F6E00282D6C /* Test-Prefix.pch */,
			);
			name = "Supporting Files";
			sourceTree = "<group>";
		};
/* End PBXGroup section */

/* Begin PBXNativeTarget section */
		1853E2FE15885F6E00282D6C /* Test */ = {
			isa = PBXNativeTarget;
			buildConfigurationList = 1853E32015885F6E00282D6C /* Build configuration list for PBXNativeTarget "Test" */;
			buildPhases = (
				1853E2FB15885F6E00282D6C /* Sources */,
				1853E2FC15885F6E00282D6C /* Frameworks */,
				1853E2FD15885F6E00282D6C /* Resources */,
			);
			buildRules = (
			);
			dependencies = (
			);
			name = Test;
			productName = Test;
			productReference = 1853E2FF15885F6E00282D6C /* Test.app */;
			productType = "com.apple.product-type.application";
		};
/* End PBXNativeTarget section */

/* Begin PBXProject section */
		1853E2F615885F6E00282D6C /* Project object */ = {
			isa = PBXProject;
			attributes = {
				CLASSPREFIX = Top;
				LastUpgradeCheck = 0430;
			};
			buildConfigurationList = 1853E2F915885F6E00282D6C /* Build configuration list for PBXProject "Test" */;
			compatibilityVersion = "Xcode 3.2";
			developmentRegion = English;
			hasScannedForEncodings = 0;
			knownRegions = (
				en,
			);
			mainGroup = 1853E2F415885F6E00282D6C;
			productRefGroup = 1853E30015885F6E00282D6C /* Products */;
			projectDirPath = "";
			projectRoot = "";
			targets = (
				1853E2FE15885F6E00282D6C /* Test */,
			);
		};
/* End PBXProject section */

/* Begin PBXResourcesBuildPhase section */
		1853E2FD15885F6E00282D6C /* Resources */ = {
			isa = PBXResourcesBuildPhase;
			buildActionMask = 2147483647;
			files = (
				1853E30E15885F6E00282D6C /* InfoPlist.strings in Resources */,
				1853E31715885F6E00282D6C /* MainStoryboard_iPhone.storyboard in Resources */,
				1853E31A15885F6E00282D6C /* MainStoryboard_iPad.storyboard in Resources */,
			);
			runOnlyForDeploymentPostprocessing = 0;
		};
/* End PBXResourcesBuildPhase section */

/* Begin PBXSourcesBuildPhase section */
		1853E2FB15885F6E00282D6C /* Sources */ = {
			isa = PBXSourcesBuildPhase;
			buildActionMask = 2147483647;
			files = (
				1853E31015885F6E00282D6C /* main.m in Sources */,
				1853E31415885F6E00282D6C /* TopAppDelegate.m in Sources */,
				1853E31D15885F6E00282D6C /* TopViewController.m in Sources */,
			);
			runOnlyForDeploymentPostprocessing = 0;
		};
/* End PBXSourcesBuildPhase section */

/* Begin PBXVariantGroup section */
		1853E30C15885F6E00282D6C /* InfoPlist.strings */ = {
			isa = PBXVariantGroup;
			children = (
				1853E30D15885F6E00282D6C /* en */,
			);
			name = InfoPlist.strings;
			sourceTree = "<group>";
		};
		1853E31515885F6E00282D6C /* MainStoryboard_iPhone.storyboard */ = {
			isa = PBXVariantGroup;
			children = (
				1853E31615885F6E00282D6C /* en */,
			);
			name = MainStoryboard_iPhone.storyboard;
			sourceTree = "<group>";
		};
		1853E31815885F6E00282D6C /* MainStoryboard_iPad.storyboard */ = {
			isa = PBXVariantGroup;
			children = (
				1853E31915885F6E00282D6C /* en */,
			);
			name = MainStoryboard_iPad.storyboard;
			sourceTree = "<group>";
		};
/* End PBXVariantGroup section */

/* Begin XCBuildConfiguration section */
		1853E31E15885F6E00282D6C /* Debug */ = {
			isa = XCBuildConfiguration;
			buildSettings = {
				ALWAYS_SEARCH_USER_PATHS = NO;
				ARCHS = "$(ARCHS_STANDARD_32_BIT)";
				CLANG_ENABLE_OBJC_ARC = YES;
				"CODE_SIGN_IDENTITY[sdk=iphoneos*]" = "iPhone Developer";
				COPY_PHASE_STRIP = NO;
				GCC_C_LANGUAGE_STANDARD = gnu99;
				GCC_DYNAMIC_NO_PIC = NO;
				GCC_OPTIMIZATION_LEVEL = 0;
				GCC_PREPROCESSOR_DEFINITIONS = (
					"DEBUG=1",
					"$(inherited)",
				);
				GCC_SYMBOLS_PRIVATE_EXTERN = NO;
				GCC_VERSION = com.apple.compilers.llvm.clang.1_0;
				GCC_WARN_ABOUT_RETURN_TYPE = YES;
				GCC_WARN_UNINITIALIZED_AUTOS = YES;
				GCC_WARN_UNUSED_VARIABLE = YES;
				IPHONEOS_DEPLOYMENT_TARGET = 5.1;
				SDKROOT = iphoneos;
				TARGETED_DEVICE_FAMILY = "1,2";
			};
			name = Debug;
		};
		1853E31F15885F6E00282D6C /* Release */ = {
			isa = XCBuildConfiguration;
			buildSettings = {
				ALWAYS_SEARCH_USER_PATHS = NO;
				ARCHS = "$(ARCHS_STANDARD_32_BIT)";
				CLANG_ENABLE_OBJC_ARC = YES;
				"CODE_SIGN_IDENTITY[sdk=iphoneos*]" = "iPhone Developer";
				COPY_PHASE_STRIP = YES;
				GCC_C_LANGUAGE_STANDARD = gnu99;
				GCC_VERSION = com.apple.compilers.llvm.clang.1_0;
				GCC_WARN_ABOUT_RETURN_TYPE = YES;
				GCC_WARN_UNINITIALIZED_AUTOS = YES;
				GCC_WARN_UNUSED_VARIABLE = YES;
				IPHONEOS_DEPLOYMENT_TARGET = 5.1;
				OTHER_CFLAGS = "-DNS_BLOCK_ASSERTIONS=1";
				SDKROOT = iphoneos;
				TARGETED_DEVICE_FAMILY = "1,2";
				VALIDATE_PRODUCT = YES;
			};
			name = Release;
		};
		1853E32115885F6E00282D6C /* Debug */ = {
			isa = XCBuildConfiguration;
			buildSettings = {
				GCC_PRECOMPILE_PREFIX_HEADER = YES;
				GCC_PREFIX_HEADER = "Test/Test-Prefix.pch";
				INFOPLIST_FILE = "Test/Test-Info.plist";
				PRODUCT_NAME = "$(TARGET_NAME)";
				WRAPPER_EXTENSION = app;
			};
			name = Debug;
		};
		1853E32215885F6E00282D6C /* Release */ = {
			isa = XCBuildConfiguration;
			buildSettings = {
				GCC_PRECOMPILE_PREFIX_HEADER = YES;
				GCC_PREFIX_HEADER = "Test/Test-Prefix.pch";
				INFOPLIST_FILE = "Test/Test-Info.plist";
				PRODUCT_NAME = "$(TARGET_NAME)";
				WRAPPER_EXTENSION = app;
			};
			name = Release;
		};
/* End XCBuildConfiguration section */

/* Begin XCConfigurationList section */
		1853E2F915885F6E00282D6C /* Build configuration list for PBXProject "Test" */ = {
			isa = XCConfigurationList;
			buildConfigurations = (
				1853E31E15885F6E00282D6C /* Debug */,
				1853E31F15885F6E00282D6C /* Release */,
			);
			defaultConfigurationIsVisible = 0;
			defaultConfigurationName = Release;
		};
		1853E32015885F6E00282D6C /* Build configuration list for PBXNativeTarget "Test" */ = {
			isa = XCConfigurationList;
			buildConfigurations = (
				1853E32115885F6E00282D6C /* Debug */,
				1853E32215885F6E00282D6C /* Release */,
			);
			defaultConfigurationIsVisible = 0;
		};
/* End XCConfigurationList section */
	};
	rootObject = 1853E2F615885F6E00282D6C /* Project object */;
}
